
Microsoft Visual Studio Solution File, Format Version 12.00
# Visual Studio Version 17
VisualStudioVersion = 17.9.34723.18
MinimumVisualStudioVersion = 10.0.40219.1
Project("{2150E333-8FDC-42A3-9474-1A3956D46DE8}") = "Services", "Services", "{46AC5A65-1456-4B62-B9F6-F6B9B4F40949}"
EndProject
Project("{2150E333-8FDC-42A3-9474-1A3956D46DE8}") = "Catalog", "Catalog", "{34285C73-067E-4411-AF14-9A5124E21999}"
EndProject
Project("{9A19103F-16F7-4668-BE54-9A1E7A4F7556}") = "MultiShop.Catalog", "Services\Catalog\MultiShop.Catalog\MultiShop.Catalog.csproj", "{D170B511-7FBE-4E01-ACCA-8C80F7E2B8CF}"
EndProject
Project("{2150E333-8FDC-42A3-9474-1A3956D46DE8}") = "Discount", "Discount", "{45B193AB-9817-40FE-9F01-9FFDF3FDA9FB}"
EndProject
Project("{9A19103F-16F7-4668-BE54-9A1E7A4F7556}") = "MultiShop.Discount", "Services\Discount\MultiShop.Discount\MultiShop.Discount.csproj", "{22ECA315-D786-44CA-AB1B-8AA4BFCF71B1}"
EndProject
Project("{2150E333-8FDC-42A3-9474-1A3956D46DE8}") = "Order", "Order", "{B398D647-10D4-4DBD-9A9C-B0D469DE9905}"
EndProject
Project("{2150E333-8FDC-42A3-9474-1A3956D46DE8}") = "Core", "Core", "{5AA9C5DF-880D-49C3-BF4A-298D1A690DA2}"
EndProject
Project("{2150E333-8FDC-42A3-9474-1A3956D46DE8}") = "Infrastructure", "Infrastructure", "{DB5BB6A3-1E54-4EA3-9B2D-B38D69750151}"
EndProject
Project("{2150E333-8FDC-42A3-9474-1A3956D46DE8}") = "Presentation", "Presentation", "{314948F6-611D-4767-897D-FD3A8F287B58}"
EndProject
Project("{9A19103F-16F7-4668-BE54-9A1E7A4F7556}") = "MultiShop.Order.Persistence", "Services\Order\Infrastructure\MultiShop.Order.Persistence\MultiShop.Order.Persistence.csproj", "{12F654B0-EA98-4E21-B234-998BDC02BBE0}"
EndProject
Project("{9A19103F-16F7-4668-BE54-9A1E7A4F7556}") = "MultiShop.Order.WebApi", "Services\Order\Presentation\MultiShop.Order.WebApi\MultiShop.Order.WebApi.csproj", "{8BE90779-57E6-4491-A464-12A7F7EFC02A}"
EndProject
Project("{9A19103F-16F7-4668-BE54-9A1E7A4F7556}") = "MultiShop.Order.Domain", "Services\Order\Core\MultiShop.Order.Domain\MultiShop.Order.Domain.csproj", "{11372AC0-93A5-4DDB-90FD-83286322BFC1}"
EndProject
Project("{9A19103F-16F7-4668-BE54-9A1E7A4F7556}") = "MultiShop.Order.Application", "Services\Order\Core\MultiShop.Order.Application\MultiShop.Order.Application.csproj", "{B76E082C-7E48-45FC-9045-D35EDD668FFC}"
EndProject
Project("{2150E333-8FDC-42A3-9474-1A3956D46DE8}") = "IdentityServer", "IdentityServer", "{45B77CE3-C2F7-4D8B-B676-95422B9763BD}"
EndProject
Project("{9A19103F-16F7-4668-BE54-9A1E7A4F7556}") = "MultiShop.IdentityServer", "IdentityServer\MultiShop.IdentityServer\MultiShop.IdentityServer.csproj", "{253164C3-D2A9-451B-9169-FDE46B6FF7E1}"
EndProject
Project("{2150E333-8FDC-42A3-9474-1A3956D46DE8}") = "Requirements", "Requirements", "{44DE309D-D0A9-4BFA-8269-F191B1EC3F25}"
	ProjectSection(SolutionItems) = preProject
		PortainerCmd.txt = PortainerCmd.txt
		PortNumbers.txt = PortNumbers.txt
	EndProjectSection
EndProject
Project("{2150E333-8FDC-42A3-9474-1A3956D46DE8}") = "Cargo", "Cargo", "{88526A4A-B6FC-4A38-94A4-2A82E99328BD}"
EndProject
Project("{FAE04EC0-301F-11D3-BF4B-00C04F79EFBC}") = "MultiShop.Cargo.EntityLayer", "Services\Cargo\MultiShop.Cargo.EntityLayer\MultiShop.Cargo.EntityLayer.csproj", "{D1DE684E-68A9-4B19-BAC5-833FDDFB4413}"
EndProject
Project("{FAE04EC0-301F-11D3-BF4B-00C04F79EFBC}") = "MultiShop.Cargo.BusinessLayer", "Services\Cargo\MultiShop.Cargo.BusinessLayer\MultiShop.Cargo.BusinessLayer.csproj", "{E74468FA-BED6-4DC5-A34D-725A351938BB}"
EndProject
Project("{FAE04EC0-301F-11D3-BF4B-00C04F79EFBC}") = "MultiShop.Cargo.DataAccessLayer", "Services\Cargo\MultiShop.Cargo.DataAccessLayer\MultiShop.Cargo.DataAccessLayer.csproj", "{C939A51C-25BF-4A68-AD8C-4F62D84E3F32}"
EndProject
Project("{FAE04EC0-301F-11D3-BF4B-00C04F79EFBC}") = "MultiShop.Cargo.DtoLayer", "Services\Cargo\MultiShop.Cargo.DtoLayer\MultiShop.Cargo.DtoLayer.csproj", "{BB01DB83-FEF4-43BB-BF19-2F731896ECEE}"
EndProject
Project("{FAE04EC0-301F-11D3-BF4B-00C04F79EFBC}") = "MultiShop.Cargo.WebApi", "Services\Cargo\MultiShop.Cargo.WebApi\MultiShop.Cargo.WebApi.csproj", "{C6B2D558-48FD-4A36-810C-925BE45299D8}"
EndProject
Global
	GlobalSection(SolutionConfigurationPlatforms) = preSolution
		Debug|Any CPU = Debug|Any CPU
		Release|Any CPU = Release|Any CPU
	EndGlobalSection
	GlobalSection(ProjectConfigurationPlatforms) = postSolution
		{D170B511-7FBE-4E01-ACCA-8C80F7E2B8CF}.Debug|Any CPU.ActiveCfg = Debug|Any CPU
		{D170B511-7FBE-4E01-ACCA-8C80F7E2B8CF}.Debug|Any CPU.Build.0 = Debug|Any CPU
		{D170B511-7FBE-4E01-ACCA-8C80F7E2B8CF}.Release|Any CPU.ActiveCfg = Release|Any CPU
		{D170B511-7FBE-4E01-ACCA-8C80F7E2B8CF}.Release|Any CPU.Build.0 = Release|Any CPU
		{22ECA315-D786-44CA-AB1B-8AA4BFCF71B1}.Debug|Any CPU.ActiveCfg = Debug|Any CPU
		{22ECA315-D786-44CA-AB1B-8AA4BFCF71B1}.Debug|Any CPU.Build.0 = Debug|Any CPU
		{22ECA315-D786-44CA-AB1B-8AA4BFCF71B1}.Release|Any CPU.ActiveCfg = Release|Any CPU
		{22ECA315-D786-44CA-AB1B-8AA4BFCF71B1}.Release|Any CPU.Build.0 = Release|Any CPU
		{12F654B0-EA98-4E21-B234-998BDC02BBE0}.Debug|Any CPU.ActiveCfg = Debug|Any CPU
		{12F654B0-EA98-4E21-B234-998BDC02BBE0}.Debug|Any CPU.Build.0 = Debug|Any CPU
		{12F654B0-EA98-4E21-B234-998BDC02BBE0}.Release|Any CPU.ActiveCfg = Release|Any CPU
		{12F654B0-EA98-4E21-B234-998BDC02BBE0}.Release|Any CPU.Build.0 = Release|Any CPU
		{8BE90779-57E6-4491-A464-12A7F7EFC02A}.Debug|Any CPU.ActiveCfg = Debug|Any CPU
		{8BE90779-57E6-4491-A464-12A7F7EFC02A}.Debug|Any CPU.Build.0 = Debug|Any CPU
		{8BE90779-57E6-4491-A464-12A7F7EFC02A}.Release|Any CPU.ActiveCfg = Release|Any CPU
		{8BE90779-57E6-4491-A464-12A7F7EFC02A}.Release|Any CPU.Build.0 = Release|Any CPU
		{11372AC0-93A5-4DDB-90FD-83286322BFC1}.Debug|Any CPU.ActiveCfg = Debug|Any CPU
		{11372AC0-93A5-4DDB-90FD-83286322BFC1}.Debug|Any CPU.Build.0 = Debug|Any CPU
		{11372AC0-93A5-4DDB-90FD-83286322BFC1}.Release|Any CPU.ActiveCfg = Release|Any CPU
		{11372AC0-93A5-4DDB-90FD-83286322BFC1}.Release|Any CPU.Build.0 = Release|Any CPU
		{B76E082C-7E48-45FC-9045-D35EDD668FFC}.Debug|Any CPU.ActiveCfg = Debug|Any CPU
		{B76E082C-7E48-45FC-9045-D35EDD668FFC}.Debug|Any CPU.Build.0 = Debug|Any CPU
		{B76E082C-7E48-45FC-9045-D35EDD668FFC}.Release|Any CPU.ActiveCfg = Release|Any CPU
		{B76E082C-7E48-45FC-9045-D35EDD668FFC}.Release|Any CPU.Build.0 = Release|Any CPU
		{253164C3-D2A9-451B-9169-FDE46B6FF7E1}.Debug|Any CPU.ActiveCfg = Debug|Any CPU
		{253164C3-D2A9-451B-9169-FDE46B6FF7E1}.Debug|Any CPU.Build.0 = Debug|Any CPU
		{253164C3-D2A9-451B-9169-FDE46B6FF7E1}.Release|Any CPU.ActiveCfg = Release|Any CPU
		{253164C3-D2A9-451B-9169-FDE46B6FF7E1}.Release|Any CPU.Build.0 = Release|Any CPU
		{D1DE684E-68A9-4B19-BAC5-833FDDFB4413}.Debug|Any CPU.ActiveCfg = Debug|Any CPU
		{D1DE684E-68A9-4B19-BAC5-833FDDFB4413}.Debug|Any CPU.Build.0 = Debug|Any CPU
		{D1DE684E-68A9-4B19-BAC5-833FDDFB4413}.Release|Any CPU.ActiveCfg = Release|Any CPU
		{D1DE684E-68A9-4B19-BAC5-833FDDFB4413}.Release|Any CPU.Build.0 = Release|Any CPU
		{E74468FA-BED6-4DC5-A34D-725A351938BB}.Debug|Any CPU.ActiveCfg = Debug|Any CPU
		{E74468FA-BED6-4DC5-A34D-725A351938BB}.Debug|Any CPU.Build.0 = Debug|Any CPU
		{E74468FA-BED6-4DC5-A34D-725A351938BB}.Release|Any CPU.ActiveCfg = Release|Any CPU
		{E74468FA-BED6-4DC5-A34D-725A351938BB}.Release|Any CPU.Build.0 = Release|Any CPU
		{C939A51C-25BF-4A68-AD8C-4F62D84E3F32}.Debug|Any CPU.ActiveCfg = Debug|Any CPU
		{C939A51C-25BF-4A68-AD8C-4F62D84E3F32}.Debug|Any CPU.Build.0 = Debug|Any CPU
		{C939A51C-25BF-4A68-AD8C-4F62D84E3F32}.Release|Any CPU.ActiveCfg = Release|Any CPU
		{C939A51C-25BF-4A68-AD8C-4F62D84E3F32}.Release|Any CPU.Build.0 = Release|Any CPU
		{BB01DB83-FEF4-43BB-BF19-2F731896ECEE}.Debug|Any CPU.ActiveCfg = Debug|Any CPU
		{BB01DB83-FEF4-43BB-BF19-2F731896ECEE}.Debug|Any CPU.Build.0 = Debug|Any CPU
		{BB01DB83-FEF4-43BB-BF19-2F731896ECEE}.Release|Any CPU.ActiveCfg = Release|Any CPU
		{BB01DB83-FEF4-43BB-BF19-2F731896ECEE}.Release|Any CPU.Build.0 = Release|Any CPU
		{C6B2D558-48FD-4A36-810C-925BE45299D8}.Debug|Any CPU.ActiveCfg = Debug|Any CPU
		{C6B2D558-48FD-4A36-810C-925BE45299D8}.Debug|Any CPU.Build.0 = Debug|Any CPU
		{C6B2D558-48FD-4A36-810C-925BE45299D8}.Release|Any CPU.ActiveCfg = Release|Any CPU
		{C6B2D558-48FD-4A36-810C-925BE45299D8}.Release|Any CPU.Build.0 = Release|Any CPU
	EndGlobalSection
	GlobalSection(SolutionProperties) = preSolution
		HideSolutionNode = FALSE
	EndGlobalSection
	GlobalSection(NestedProjects) = preSolution
		{34285C73-067E-4411-AF14-9A5124E21999} = {46AC5A65-1456-4B62-B9F6-F6B9B4F40949}
		{D170B511-7FBE-4E01-ACCA-8C80F7E2B8CF} = {34285C73-067E-4411-AF14-9A5124E21999}
		{45B193AB-9817-40FE-9F01-9FFDF3FDA9FB} = {46AC5A65-1456-4B62-B9F6-F6B9B4F40949}
		{22ECA315-D786-44CA-AB1B-8AA4BFCF71B1} = {45B193AB-9817-40FE-9F01-9FFDF3FDA9FB}
		{B398D647-10D4-4DBD-9A9C-B0D469DE9905} = {46AC5A65-1456-4B62-B9F6-F6B9B4F40949}
		{5AA9C5DF-880D-49C3-BF4A-298D1A690DA2} = {B398D647-10D4-4DBD-9A9C-B0D469DE9905}
		{DB5BB6A3-1E54-4EA3-9B2D-B38D69750151} = {B398D647-10D4-4DBD-9A9C-B0D469DE9905}
		{314948F6-611D-4767-897D-FD3A8F287B58} = {B398D647-10D4-4DBD-9A9C-B0D469DE9905}
		{12F654B0-EA98-4E21-B234-998BDC02BBE0} = {DB5BB6A3-1E54-4EA3-9B2D-B38D69750151}
		{8BE90779-57E6-4491-A464-12A7F7EFC02A} = {314948F6-611D-4767-897D-FD3A8F287B58}
		{11372AC0-93A5-4DDB-90FD-83286322BFC1} = {5AA9C5DF-880D-49C3-BF4A-298D1A690DA2}
		{B76E082C-7E48-45FC-9045-D35EDD668FFC} = {5AA9C5DF-880D-49C3-BF4A-298D1A690DA2}
		{253164C3-D2A9-451B-9169-FDE46B6FF7E1} = {45B77CE3-C2F7-4D8B-B676-95422B9763BD}
		{88526A4A-B6FC-4A38-94A4-2A82E99328BD} = {46AC5A65-1456-4B62-B9F6-F6B9B4F40949}
		{D1DE684E-68A9-4B19-BAC5-833FDDFB4413} = {88526A4A-B6FC-4A38-94A4-2A82E99328BD}
		{E74468FA-BED6-4DC5-A34D-725A351938BB} = {88526A4A-B6FC-4A38-94A4-2A82E99328BD}
		{C939A51C-25BF-4A68-AD8C-4F62D84E3F32} = {88526A4A-B6FC-4A38-94A4-2A82E99328BD}
		{BB01DB83-FEF4-43BB-BF19-2F731896ECEE} = {88526A4A-B6FC-4A38-94A4-2A82E99328BD}
		{C6B2D558-48FD-4A36-810C-925BE45299D8} = {88526A4A-B6FC-4A38-94A4-2A82E99328BD}
	EndGlobalSection
	GlobalSection(ExtensibilityGlobals) = postSolution
		SolutionGuid = {504B7603-2B5F-4C70-9B81-92034222A5D9}
	EndGlobalSection
EndGlobal
